
Microsoft Visual Studio Solution File, Format Version 12.00
# Visual Studio Version 17
VisualStudioVersion = 17.8.34309.116
MinimumVisualStudioVersion = 10.0.40219.1
Project("{9A19103F-16F7-4668-BE54-9A1E7A4F7556}") = "ToDoApp", "ToDoApp.csproj", "{60F32301-BFF6-4B3E-A48B-415494DE9583}"
EndProject
Global
	GlobalSection(SolutionConfigurationPlatforms) = preSolution
		Debug|Any CPU = Debug|Any CPU
		Release|Any CPU = Release|Any CPU
	EndGlobalSection
	GlobalSection(ProjectConfigurationPlatforms) = postSolution
		{60F32301-BFF6-4B3E-A48B-415494DE9583}.Debug|Any CPU.ActiveCfg = Debug|Any CPU
		{60F32301-BFF6-4B3E-A48B-415494DE9583}.Debug|Any CPU.Build.0 = Debug|Any CPU
		{60F32301-BFF6-4B3E-A48B-415494DE9583}.Release|Any CPU.ActiveCfg = Release|Any CPU
		{60F32301-BFF6-4B3E-A48B-415494DE9583}.Release|Any CPU.Build.0 = Release|Any CPU
	EndGlobalSection
	GlobalSection(SolutionProperties) = preSolution
		HideSolutionNode = FALSE
	EndGlobalSection
	GlobalSection(ExtensibilityGlobals) = postSolution
		SolutionGuid = {55507649-403F-4D0A-AA62-0C73BADBF76D}
	EndGlobalSection
EndGlobal
